{
  "name": "tms-parser",
  "version": "1.0.0",
  "lockfileVersion": 2,
  "requires": true,
  "packages": {
    "": {
      "name": "tms-parser",
      "version": "1.0.0",
      "dependencies": {
        "tms-nodes": "../nodes/src"
      }
    },
    "../nodes/src": {},
    "node_modules/tms-nodes": {
      "resolved": "../nodes/src",
      "link": true
    }
  },
  "dependencies": {
    "tms-nodes": {
      "version": "file:../nodes/src"
    }
  }
}
